
Microsoft Visual Studio Solution File, Format Version 12.00
# Visual Studio Version 17
VisualStudioVersion = 17.5.002.0
MinimumVisualStudioVersion = 10.0.40219.1
Project("{9A19103F-16F7-4668-BE54-9A1E7A4F7556}") = "ConnectApi", "ConnectApi.csproj", "{EEF25558-5CEC-4099-A1FA-759BCF684446}"
EndProject
Global
	GlobalSection(SolutionConfigurationPlatforms) = preSolution
		Debug|Any CPU = Debug|Any CPU
		Release|Any CPU = Release|Any CPU
	EndGlobalSection
	GlobalSection(ProjectConfigurationPlatforms) = postSolution
		{EEF25558-5CEC-4099-A1FA-759BCF684446}.Debug|Any CPU.ActiveCfg = Debug|Any CPU
		{EEF25558-5CEC-4099-A1FA-759BCF684446}.Debug|Any CPU.Build.0 = Debug|Any CPU
		{EEF25558-5CEC-4099-A1FA-759BCF684446}.Release|Any CPU.ActiveCfg = Release|Any CPU
		{EEF25558-5CEC-4099-A1FA-759BCF684446}.Release|Any CPU.Build.0 = Release|Any CPU
	EndGlobalSection
	GlobalSection(SolutionProperties) = preSolution
		HideSolutionNode = FALSE
	EndGlobalSection
	GlobalSection(ExtensibilityGlobals) = postSolution
		SolutionGuid = {F9E8B374-3E10-46BE-9DAF-A2663D9406CA}
	EndGlobalSection
EndGlobal
